version = 1
revision = 3
requires-python = ">=3.13"

[manifest]
members = [
    "hyprtheme",
    "stow-dotfiles",
]

[[package]]
name = "hyprtheme"
version = "0.1.0"
source = { editable = "hyprtheme" }

[[package]]
name = "stow-dotfiles"
version = "0.1.0"
source = { virtual = "." }
dependencies = [
    { name = "hyprtheme" },
]

[package.metadata]
requires-dist = [{ name = "hyprtheme", editable = "hyprtheme" }]
